{
  "version": 4,
  "terraform_version": "1.14.1",
  "serial": 1,
  "lineage": "55e91392-6af8-c3b3-2831-149d67cd3bf2",
  "outputs": {},
  "resources": [
    {
      "mode": "managed",
      "type": "local_file",
      "name": "cat_res",
      "provider": "provider[\"registry.terraform.io/hashicorp/local\"]",
      "instances": [
        {
          "schema_version": 0,
          "attributes": {
            "content": "This is default content I made up.",
            "content_base64": null,
            "content_base64sha256": "VNVYcwAgT5YlundX4AVTpl9AK3U+m3E+PJp5cM8PCjM=",
            "content_base64sha512": "831AR3NptUd9vSevaRB7LtRYUhs+naGt9cUT/wy6sd6ETWmgCQemDGCzR93aU9UqqiooqTNdEenxH6KpbyA+UA==",
            "content_md5": "5f4f572d941e56f35bcfdd62310e8251",
            "content_sha1": "dbee92845ee415e708789c23f3a43103016a90b3",
            "content_sha256": "54d5587300204f9625ba7757e00553a65f402b753e9b713e3c9a7970cf0f0a33",
            "content_sha512": "f37d40477369b5477dbd27af69107b2ed458521b3e9da1adf5c513ff0cbab1de844d69a00907a60c60b347ddda53d52aaa2a28a9335d11e9f11fa2a96f203e50",
            "directory_permission": "0777",
            "file_permission": "0777",
            "filename": "sample.txt",
            "id": "dbee92845ee415e708789c23f3a43103016a90b3",
            "sensitive_content": null,
            "source": null
          },
          "sensitive_attributes": [
            [
              {
                "type": "get_attr",
                "value": "sensitive_content"
              }
            ]
          ],
          "identity_schema_version": 0
        }
      ]
    }
  ],
  "check_results": null
}
