{
  "version": 4,
  "terraform_version": "1.14.1",
  "serial": 4,
  "lineage": "55e91392-6af8-c3b3-2831-149d67cd3bf2",
  "outputs": {},
  "resources": [
    {
      "mode": "managed",
      "type": "local_file",
      "name": "cat_res",
      "provider": "provider[\"registry.terraform.io/hashicorp/local\"]",
      "instances": [
        {
          "schema_version": 0,
          "attributes": {
            "content": "This is new and improved content I made up.",
            "content_base64": null,
            "content_base64sha256": "Fd+XhERW3yfpKS56EzOQ/pufugbbN0Zsj00/1WIc100=",
            "content_base64sha512": "prrYTHTeeLi2epD+cZSC9ZbF+i250BcV3tXgzzpKsgN3jiO2uXvaDGL11J0lBGPcuXLdJB9JYVWMR/UvuAQU2w==",
            "content_md5": "deb261c7f1ce236f4525f9308c871b25",
            "content_sha1": "ce2e0ce3b8cc666859ab843bba0f36827276635d",
            "content_sha256": "15df97844456df27e9292e7a133390fe9b9fba06db37466c8f4d3fd5621cd74d",
            "content_sha512": "a6bad84c74de78b8b67a90fe719482f596c5fa2db9d01715ded5e0cf3a4ab203778e23b6b97bda0c62f5d49d250463dcb972dd241f4961558c47f52fb80414db",
            "directory_permission": "0777",
            "file_permission": "0777",
            "filename": "sample.txt",
            "id": "ce2e0ce3b8cc666859ab843bba0f36827276635d",
            "sensitive_content": null,
            "source": null
          },
          "sensitive_attributes": [
            [
              {
                "type": "get_attr",
                "value": "sensitive_content"
              }
            ]
          ],
          "identity_schema_version": 0
        }
      ]
    }
  ],
  "check_results": null
}
