{
  "version": 4,
  "terraform_version": "1.14.1",
  "serial": 1,
  "lineage": "c7de6904-8a29-9eb1-2172-0b78bb12573b",
  "outputs": {},
  "resources": [
    {
      "mode": "managed",
      "type": "local_file",
      "name": "cat_res",
      "provider": "provider[\"registry.terraform.io/hashicorp/local\"]",
      "instances": [
        {
          "schema_version": 0,
          "attributes": {
            "content": "Meow",
            "content_base64": null,
            "content_base64sha256": "svoeK5Ti9eGg5e2Ed0DLngerG/ueNCD2P55ycJdKHY0=",
            "content_base64sha512": "JxVyYTb9dqvLmXmL8mcAFngZPBg8bO8CHoeO7EC4otqMGvy5JLy54GYoPKGcDM7fZJw50oE00jjXDR7FMUSvUQ==",
            "content_md5": "049fc6be2ec536b6faebd4128f73c9f1",
            "content_sha1": "a3a73b6dfa8f4caedd0349f676ae46b39bdb7fbd",
            "content_sha256": "b2fa1e2b94e2f5e1a0e5ed847740cb9e07ab1bfb9e3420f63f9e7270974a1d8d",
            "content_sha512": "2715726136fd76abcb99798bf267001678193c183c6cef021e878eec40b8a2da8c1afcb924bcb9e066283ca19c0ccedf649c39d28134d238d70d1ec53144af51",
            "directory_permission": "0777",
            "file_permission": "0777",
            "filename": "cat.txt",
            "id": "a3a73b6dfa8f4caedd0349f676ae46b39bdb7fbd",
            "sensitive_content": null,
            "source": null
          },
          "sensitive_attributes": [
            [
              {
                "type": "get_attr",
                "value": "sensitive_content"
              }
            ]
          ],
          "identity_schema_version": 0
        }
      ]
    },
    {
      "mode": "managed",
      "type": "local_file",
      "name": "dog_res",
      "provider": "provider[\"registry.terraform.io/hashicorp/local\"]",
      "instances": [
        {
          "schema_version": 0,
          "attributes": {
            "content": "Woof",
            "content_base64": null,
            "content_base64sha256": "WvBnuTG3TrskGePWdlkEq7/98BsVLz5SF7dvm2ePASA=",
            "content_base64sha512": "8C6RgpOdQE6i1sv8BdVhkl5evgR3pzjaSmEirghz/gmfOm0Y6WipDZ8fXwdZ7xJFozeD0f6Zl+TGkoPBthyjHg==",
            "content_md5": "6d4a6c2c885afb11a77d7092f9414e02",
            "content_sha1": "3323916fc33997b7bcccda4bff5d1ae0647453d8",
            "content_sha256": "5af067b931b74ebb2419e3d6765904abbffdf01b152f3e5217b76f9b678f0120",
            "content_sha512": "f02e9182939d404ea2d6cbfc05d561925e5ebe0477a738da4a6122ae0873fe099f3a6d18e968a90d9f1f5f0759ef1245a33783d1fe9997e4c69283c1b61ca31e",
            "directory_permission": "0777",
            "file_permission": "0777",
            "filename": "dog.txt",
            "id": "3323916fc33997b7bcccda4bff5d1ae0647453d8",
            "sensitive_content": null,
            "source": null
          },
          "sensitive_attributes": [
            [
              {
                "type": "get_attr",
                "value": "sensitive_content"
              }
            ]
          ],
          "identity_schema_version": 0
        }
      ]
    }
  ],
  "check_results": null
}
